
Microsoft Visual Studio Solution File, Format Version 12.00
# Visual Studio Version 17
VisualStudioVersion = 17.8.34330.188
MinimumVisualStudioVersion = 10.0.40219.1
Project("{FAE04EC0-301F-11D3-BF4B-00C04F79EFBC}") = "AreaShape", "AreaShape\AreaShape.csproj", "{436C19D6-3DA7-4928-A5CF-1E1C0D534C93}"
EndProject
Project("{FAE04EC0-301F-11D3-BF4B-00C04F79EFBC}") = "CalcTest", "CalcTest\CalcTest.csproj", "{B10707A4-B7AF-410E-A31E-F54EC7AF6317}"
EndProject
Global
	GlobalSection(SolutionConfigurationPlatforms) = preSolution
		Debug|Any CPU = Debug|Any CPU
		Release|Any CPU = Release|Any CPU
	EndGlobalSection
	GlobalSection(ProjectConfigurationPlatforms) = postSolution
		{436C19D6-3DA7-4928-A5CF-1E1C0D534C93}.Debug|Any CPU.ActiveCfg = Debug|Any CPU
		{436C19D6-3DA7-4928-A5CF-1E1C0D534C93}.Debug|Any CPU.Build.0 = Debug|Any CPU
		{436C19D6-3DA7-4928-A5CF-1E1C0D534C93}.Release|Any CPU.ActiveCfg = Release|Any CPU
		{436C19D6-3DA7-4928-A5CF-1E1C0D534C93}.Release|Any CPU.Build.0 = Release|Any CPU
		{B10707A4-B7AF-410E-A31E-F54EC7AF6317}.Debug|Any CPU.ActiveCfg = Debug|Any CPU
		{B10707A4-B7AF-410E-A31E-F54EC7AF6317}.Debug|Any CPU.Build.0 = Debug|Any CPU
		{B10707A4-B7AF-410E-A31E-F54EC7AF6317}.Release|Any CPU.ActiveCfg = Release|Any CPU
		{B10707A4-B7AF-410E-A31E-F54EC7AF6317}.Release|Any CPU.Build.0 = Release|Any CPU
	EndGlobalSection
	GlobalSection(SolutionProperties) = preSolution
		HideSolutionNode = FALSE
	EndGlobalSection
	GlobalSection(ExtensibilityGlobals) = postSolution
		SolutionGuid = {8782EAC3-037C-462A-8B8F-5F677C4F7A69}
	EndGlobalSection
EndGlobal
